
Microsoft Visual Studio Solution File, Format Version 12.00
# Visual Studio Version 17
VisualStudioVersion = 17.1.32319.34
MinimumVisualStudioVersion = 10.0.40219.1
Project("{FAE04EC0-301F-11D3-BF4B-00C04F79EFBC}") = "Projekt", "Projekt\Projekt.csproj", "{2A22479E-BB74-446A-9A2B-FA162D8EFC3B}"
EndProject
Global
	GlobalSection(SolutionConfigurationPlatforms) = preSolution
		Debug|Any CPU = Debug|Any CPU
		Release|Any CPU = Release|Any CPU
	EndGlobalSection
	GlobalSection(ProjectConfigurationPlatforms) = postSolution
		{2A22479E-BB74-446A-9A2B-FA162D8EFC3B}.Debug|Any CPU.ActiveCfg = Debug|Any CPU
		{2A22479E-BB74-446A-9A2B-FA162D8EFC3B}.Debug|Any CPU.Build.0 = Debug|Any CPU
		{2A22479E-BB74-446A-9A2B-FA162D8EFC3B}.Release|Any CPU.ActiveCfg = Release|Any CPU
		{2A22479E-BB74-446A-9A2B-FA162D8EFC3B}.Release|Any CPU.Build.0 = Release|Any CPU
	EndGlobalSection
	GlobalSection(SolutionProperties) = preSolution
		HideSolutionNode = FALSE
	EndGlobalSection
	GlobalSection(ExtensibilityGlobals) = postSolution
		SolutionGuid = {ECEFCC4D-D7CC-41FA-B923-9D149C8638FD}
	EndGlobalSection
EndGlobal
